DEPENDENCIES
  apt
  build-essential
  citadel
    git: https://github.com/dlapiduz/citadel.git
    revision: feed3aed1fd4ecb12bbccf0d3ac53fdd73ccf6c1
  midas
    git: https://github.com/18F/midas-cookbook.git
    revision: 3b187b8c284ef741ba2e4bac4d1c559a535d5123
    branch: master
  nginx
  nodejs
  postgresql (= 3.4.4)
  user
    git: https://github.com/fnichol/chef-user
    revision: 62e3e2b6848445f80ba1ff22bd82c57c63fa72e5

GRAPH
  7-zip (1.0.2)
    windows (>= 1.2.2)
  apt (2.6.1)
  ark (0.9.0)
    7-zip (>= 0.0.0)
    windows (>= 0.0.0)
  bluepill (2.3.1)
    rsyslog (>= 0.0.0)
  build-essential (2.1.3)
  chef-sugar (2.5.0)
  chef_handler (1.1.6)
  citadel (1.0.2)
  database (4.0.2)
    postgresql (>= 1.0.0)
  midas (0.0.1)
    citadel (>= 0.0.0)
    database (>= 0.0.0)
    nginx_conf (>= 0.0.0)
    nodejs (>= 0.0.0)
    postgresql (>= 0.0.0)
    user (>= 0.0.0)
  nginx (2.7.4)
    apt (~> 2.2)
    bluepill (~> 2.3)
    build-essential (~> 2.0)
    ohai (~> 2.0)
    runit (~> 1.2)
    yum-epel (~> 0.3)
  nginx_conf (0.0.5)
    nginx (>= 0.0.0)
  nodejs (2.2.0)
    apt (>= 0.0.0)
    ark (>= 0.0.0)
    build-essential (>= 0.0.0)
    yum-epel (>= 0.0.0)
  ohai (2.0.1)
  openssl (2.0.2)
    chef-sugar (>= 0.0.0)
  postgresql (3.4.4)
    apt (>= 1.9.0)
    build-essential (>= 0.0.0)
    openssl (>= 0.0.0)
  rsyslog (1.14.0)
  runit (1.5.14)
    build-essential (>= 0.0.0)
    yum (~> 3.0)
    yum-epel (>= 0.0.0)
  user (0.3.1)
  windows (1.36.1)
    chef_handler (>= 0.0.0)
  yum (3.5.2)
  yum-epel (0.6.0)
    yum (~> 3.0)
